
Microsoft Visual Studio Solution File, Format Version 12.00
# Visual Studio Version 16
VisualStudioVersion = 16.0.30204.135
MinimumVisualStudioVersion = 10.0.40219.1
Project("{FAE04EC0-301F-11D3-BF4B-00C04F79EFBC}") = "Roboty", "Roboty\Roboty.csproj", "{4215E80C-3F8B-4878-B678-B4ADD24F5B86}"
EndProject
Global
	GlobalSection(SolutionConfigurationPlatforms) = preSolution
		Debug|Any CPU = Debug|Any CPU
		Release|Any CPU = Release|Any CPU
	EndGlobalSection
	GlobalSection(ProjectConfigurationPlatforms) = postSolution
		{4215E80C-3F8B-4878-B678-B4ADD24F5B86}.Debug|Any CPU.ActiveCfg = Debug|Any CPU
		{4215E80C-3F8B-4878-B678-B4ADD24F5B86}.Debug|Any CPU.Build.0 = Debug|Any CPU
		{4215E80C-3F8B-4878-B678-B4ADD24F5B86}.Release|Any CPU.ActiveCfg = Release|Any CPU
		{4215E80C-3F8B-4878-B678-B4ADD24F5B86}.Release|Any CPU.Build.0 = Release|Any CPU
	EndGlobalSection
	GlobalSection(SolutionProperties) = preSolution
		HideSolutionNode = FALSE
	EndGlobalSection
	GlobalSection(ExtensibilityGlobals) = postSolution
		SolutionGuid = {4F4C6735-0508-4213-8463-0BF393D9D0DC}
	EndGlobalSection
EndGlobal
